
Microsoft Visual Studio Solution File, Format Version 12.00
# Visual Studio Version 17
VisualStudioVersion = 17.2.32516.85
MinimumVisualStudioVersion = 10.0.40219.1
Project("{9A19103F-16F7-4668-BE54-9A1E7A4F7556}") = "MarsRover", "MarsRover\MarsRover.csproj", "{78E984C2-28DE-4593-ADB7-BCCA8DB9D9D2}"
EndProject
Project("{9A19103F-16F7-4668-BE54-9A1E7A4F7556}") = "MarsRover.Test", "MarsRover.Test\MarsRover.Test.csproj", "{5745EFCF-BDE7-48E1-AADB-56E1D4F66B84}"
EndProject
Project("{FAE04EC0-301F-11D3-BF4B-00C04F79EFBC}") = "Rover", "Rover\Rover.csproj", "{60532AFB-E568-429F-905C-EF8EC0DF6EA2}"
EndProject
Project("{FAE04EC0-301F-11D3-BF4B-00C04F79EFBC}") = "Models", "Models\Models.csproj", "{B8647D0B-C02A-45A8-B239-1D7CB30F7CF6}"
EndProject
Global
	GlobalSection(SolutionConfigurationPlatforms) = preSolution
		Debug|Any CPU = Debug|Any CPU
		Release|Any CPU = Release|Any CPU
	EndGlobalSection
	GlobalSection(ProjectConfigurationPlatforms) = postSolution
		{78E984C2-28DE-4593-ADB7-BCCA8DB9D9D2}.Debug|Any CPU.ActiveCfg = Debug|Any CPU
		{78E984C2-28DE-4593-ADB7-BCCA8DB9D9D2}.Debug|Any CPU.Build.0 = Debug|Any CPU
		{78E984C2-28DE-4593-ADB7-BCCA8DB9D9D2}.Release|Any CPU.ActiveCfg = Release|Any CPU
		{78E984C2-28DE-4593-ADB7-BCCA8DB9D9D2}.Release|Any CPU.Build.0 = Release|Any CPU
		{5745EFCF-BDE7-48E1-AADB-56E1D4F66B84}.Debug|Any CPU.ActiveCfg = Debug|Any CPU
		{5745EFCF-BDE7-48E1-AADB-56E1D4F66B84}.Debug|Any CPU.Build.0 = Debug|Any CPU
		{5745EFCF-BDE7-48E1-AADB-56E1D4F66B84}.Release|Any CPU.ActiveCfg = Release|Any CPU
		{5745EFCF-BDE7-48E1-AADB-56E1D4F66B84}.Release|Any CPU.Build.0 = Release|Any CPU
		{60532AFB-E568-429F-905C-EF8EC0DF6EA2}.Debug|Any CPU.ActiveCfg = Debug|Any CPU
		{60532AFB-E568-429F-905C-EF8EC0DF6EA2}.Debug|Any CPU.Build.0 = Debug|Any CPU
		{60532AFB-E568-429F-905C-EF8EC0DF6EA2}.Release|Any CPU.ActiveCfg = Release|Any CPU
		{60532AFB-E568-429F-905C-EF8EC0DF6EA2}.Release|Any CPU.Build.0 = Release|Any CPU
		{B8647D0B-C02A-45A8-B239-1D7CB30F7CF6}.Debug|Any CPU.ActiveCfg = Debug|Any CPU
		{B8647D0B-C02A-45A8-B239-1D7CB30F7CF6}.Debug|Any CPU.Build.0 = Debug|Any CPU
		{B8647D0B-C02A-45A8-B239-1D7CB30F7CF6}.Release|Any CPU.ActiveCfg = Release|Any CPU
		{B8647D0B-C02A-45A8-B239-1D7CB30F7CF6}.Release|Any CPU.Build.0 = Release|Any CPU
	EndGlobalSection
	GlobalSection(SolutionProperties) = preSolution
		HideSolutionNode = FALSE
	EndGlobalSection
	GlobalSection(ExtensibilityGlobals) = postSolution
		SolutionGuid = {79A5434C-3521-4044-8F7E-4EC3F9269058}
	EndGlobalSection
EndGlobal
