
Microsoft Visual Studio Solution File, Format Version 12.00
# Visual Studio Version 17
VisualStudioVersion = 17.2.32516.85
MinimumVisualStudioVersion = 10.0.40219.1
Project("{9A19103F-16F7-4668-BE54-9A1E7A4F7556}") = "Kata-MarsRover.test", "Plateau.Test\Kata-MarsRover.test.csproj", "{403F18B0-2292-4805-90F4-D35A872A84A4}"
EndProject
Project("{9A19103F-16F7-4668-BE54-9A1E7A4F7556}") = "Kata-MarsRover", "Plateau\Kata-MarsRover.csproj", "{8D598D51-552C-4467-ACEB-DC52E839AB59}"
EndProject
Global
	GlobalSection(SolutionConfigurationPlatforms) = preSolution
		Debug|Any CPU = Debug|Any CPU
		Release|Any CPU = Release|Any CPU
	EndGlobalSection
	GlobalSection(ProjectConfigurationPlatforms) = postSolution
		{403F18B0-2292-4805-90F4-D35A872A84A4}.Debug|Any CPU.ActiveCfg = Debug|Any CPU
		{403F18B0-2292-4805-90F4-D35A872A84A4}.Debug|Any CPU.Build.0 = Debug|Any CPU
		{403F18B0-2292-4805-90F4-D35A872A84A4}.Release|Any CPU.ActiveCfg = Release|Any CPU
		{403F18B0-2292-4805-90F4-D35A872A84A4}.Release|Any CPU.Build.0 = Release|Any CPU
		{8D598D51-552C-4467-ACEB-DC52E839AB59}.Debug|Any CPU.ActiveCfg = Debug|Any CPU
		{8D598D51-552C-4467-ACEB-DC52E839AB59}.Debug|Any CPU.Build.0 = Debug|Any CPU
		{8D598D51-552C-4467-ACEB-DC52E839AB59}.Release|Any CPU.ActiveCfg = Release|Any CPU
		{8D598D51-552C-4467-ACEB-DC52E839AB59}.Release|Any CPU.Build.0 = Release|Any CPU
	EndGlobalSection
	GlobalSection(SolutionProperties) = preSolution
		HideSolutionNode = FALSE
	EndGlobalSection
	GlobalSection(ExtensibilityGlobals) = postSolution
		SolutionGuid = {79A5434C-3521-4044-8F7E-4EC3F9269058}
	EndGlobalSection
EndGlobal
